
Microsoft Visual Studio Solution File, Format Version 12.00
# Visual Studio Version 17
VisualStudioVersion = 17.5.2.0
MinimumVisualStudioVersion = 10.0.40219.1
Project("{FAE04EC0-301F-11D3-BF4B-00C04F79EFBC}") = "inlämingsuppgift 2 - grupp 4", "inlämingsuppgift 2 - grupp 4.csproj", "{90C06B42-D22E-FAE6-6A04-AF3CEF9B16A7}"
EndProject
Global
	GlobalSection(SolutionConfigurationPlatforms) = preSolution
		Debug|Any CPU = Debug|Any CPU
		Release|Any CPU = Release|Any CPU
	EndGlobalSection
	GlobalSection(ProjectConfigurationPlatforms) = postSolution
		{90C06B42-D22E-FAE6-6A04-AF3CEF9B16A7}.Debug|Any CPU.ActiveCfg = Debug|Any CPU
		{90C06B42-D22E-FAE6-6A04-AF3CEF9B16A7}.Debug|Any CPU.Build.0 = Debug|Any CPU
		{90C06B42-D22E-FAE6-6A04-AF3CEF9B16A7}.Release|Any CPU.ActiveCfg = Release|Any CPU
		{90C06B42-D22E-FAE6-6A04-AF3CEF9B16A7}.Release|Any CPU.Build.0 = Release|Any CPU
	EndGlobalSection
	GlobalSection(SolutionProperties) = preSolution
		HideSolutionNode = FALSE
	EndGlobalSection
	GlobalSection(ExtensibilityGlobals) = postSolution
		SolutionGuid = {5E97661A-8CCD-4B14-9A1F-6C5F3F4A828E}
	EndGlobalSection
EndGlobal
